dependencies:
- name: argo-cd
  repository: https://argoproj.github.io/argo-helm
  version: 9.1.4
- name: argo-projects
  repository: file://../argo-projects
  version: 0.1.0
digest: sha256:0f8097c96a991e165fd22bb8a33dac4872d0df4d7fa501799bc820c420e67244
generated: "2026-05-05T19:54:41.784334+09:00"
