dependencies:
- name: argo-cd
  repository: https://argoproj.github.io/argo-helm
  version: 9.5.19
- name: argo-projects
  repository: file://../argo-projects
  version: 0.1.0
digest: sha256:e9c570ad0922078a36757e05b9f3c63f4e740760e6985e75627d7787ea86c4f4
generated: "2026-06-07T20:38:17.056475+09:00"
